{
  "version": "5",
  "specifiers": {
    "npm:@restatedev/restate-sdk@^1.10.0": "1.10.0",
    "npm:zod@^4.3.0": "4.3.5"
  },
  "npm": {
    "@restatedev/restate-sdk-core@1.10.0": {
      "integrity": "sha512-hX25ThMW5TSUMjcQLok0YKr4A6MvN2S6TaCqZGibZhJi1pcGtgsYhKmwUZYyQvq5RyX94gFrU4k0J7yB/2j0DQ=="
    },
    "@restatedev/restate-sdk@1.10.0": {
      "integrity": "sha512-M8aCUwNCTW9W5bT+zi1+Kyqcnzd2SI75JbjLPEZCjetIVn/cepFivcfNAQZco5EFKTtWScYxcZ//VEI5LBfjsA==",
      "dependencies": [
        "@restatedev/restate-sdk-core"
      ]
    },
    "zod@4.3.5": {
      "integrity": "sha512-k7Nwx6vuWx1IJ9Bjuf4Zt1PEllcwe7cls3VNzm4CQ1/hgtFUK2bRNG3rvnpPUhFjmqJKAKtjV576KnUkHocg/g=="
    }
  },
  "workspace": {
    "dependencies": [
      "npm:@restatedev/restate-sdk@^1.10.0",
      "npm:zod@^4.3.0"
    ]
  }
}
